Microsoft Visual Studio Solution File, Format Version 10.00
# Visual Studio 2008
Project("{FAE04EC0-301F-11D3-BF4B-00C04F79EFBC}") = "RSSBuilder", "RSSBuilder\RSSBuilder.csproj", "{184C2713-EBB7-416C-A194-1010EA8106FD}"
EndProject
Project("{54435603-DBB4-11D2-8724-00A0C9A8B90C}") = "RSSBuilderSetup", "RSSBuilderSetup\RSSBuilderSetup.vdproj", "{28777E56-F544-4CF0-8F30-DD62388AC967}"
EndProject
Global
	GlobalSection(SolutionConfigurationPlatforms) = preSolution
		Debug|Any CPU = Debug|Any CPU
		Release|Any CPU = Release|Any CPU
	EndGlobalSection
	GlobalSection(ProjectConfigurationPlatforms) = postSolution
		{184C2713-EBB7-416C-A194-1010EA8106FD}.Debug|Any CPU.ActiveCfg = Debug|Any CPU
		{184C2713-EBB7-416C-A194-1010EA8106FD}.Debug|Any CPU.Build.0 = Debug|Any CPU
		{184C2713-EBB7-416C-A194-1010EA8106FD}.Release|Any CPU.ActiveCfg = Release|Any CPU
		{184C2713-EBB7-416C-A194-1010EA8106FD}.Release|Any CPU.Build.0 = Release|Any CPU
		{28777E56-F544-4CF0-8F30-DD62388AC967}.Debug|Any CPU.ActiveCfg = Debug
		{28777E56-F544-4CF0-8F30-DD62388AC967}.Debug|Any CPU.Build.0 = Debug
		{28777E56-F544-4CF0-8F30-DD62388AC967}.Release|Any CPU.ActiveCfg = Release
		{28777E56-F544-4CF0-8F30-DD62388AC967}.Release|Any CPU.Build.0 = Release
	EndGlobalSection
	GlobalSection(SolutionProperties) = preSolution
		HideSolutionNode = FALSE
	EndGlobalSection
EndGlobal
